
Microsoft Visual Studio Solution File, Format Version 12.00
# Visual Studio Version 17
VisualStudioVersion = 17.0.31903.59
MinimumVisualStudioVersion = 10.0.40219.1
Project("{2150E333-8FDC-42A3-9474-1A3956D46DE8}") = "src", "src", "{827E0CD3-B72D-47B6-A68D-7590B98EB39B}"
EndProject
Project("{FAE04EC0-301F-11D3-BF4B-00C04F79EFBC}") = "AppForSEII2526.API", "src\AppForSEII2526.API\AppForSEII2526.API.csproj", "{FFA6D28D-BF64-4468-AFE9-69AF976574AE}"
EndProject
Project("{FAE04EC0-301F-11D3-BF4B-00C04F79EFBC}") = "AppForSEII2526.Web", "src\AppForSEII2526.Web\AppForSEII2526.Web.csproj", "{5DC27856-9B30-4044-8002-53D13F0D088B}"
EndProject
Project("{2150E333-8FDC-42A3-9474-1A3956D46DE8}") = "test", "test", "{0C88DD14-F956-CE84-757C-A364CCF449FC}"
EndProject
Project("{FAE04EC0-301F-11D3-BF4B-00C04F79EFBC}") = "AppForSEII2526.UT", "test\AppForSEII2526.UT\AppForSEII2526.UT.csproj", "{9C8D9A00-DD76-4050-8D89-2A496B806EFF}"
EndProject
Project("{FAE04EC0-301F-11D3-BF4B-00C04F79EFBC}") = "AppForSEII2526.UIT", "test\AppForSEII2526.UIT\AppForSEII2526.UIT.csproj", "{8786EB0A-81B1-4ED2-A1FA-70CFAEEE7F88}"
EndProject
Global
	GlobalSection(SolutionConfigurationPlatforms) = preSolution
		Debug|Any CPU = Debug|Any CPU
		Debug|x64 = Debug|x64
		Debug|x86 = Debug|x86
		Release|Any CPU = Release|Any CPU
		Release|x64 = Release|x64
		Release|x86 = Release|x86
	EndGlobalSection
	GlobalSection(ProjectConfigurationPlatforms) = postSolution
		{FFA6D28D-BF64-4468-AFE9-69AF976574AE}.Debug|Any CPU.ActiveCfg = Debug|Any CPU
		{FFA6D28D-BF64-4468-AFE9-69AF976574AE}.Debug|Any CPU.Build.0 = Debug|Any CPU
		{FFA6D28D-BF64-4468-AFE9-69AF976574AE}.Debug|x64.ActiveCfg = Debug|Any CPU
		{FFA6D28D-BF64-4468-AFE9-69AF976574AE}.Debug|x64.Build.0 = Debug|Any CPU
		{FFA6D28D-BF64-4468-AFE9-69AF976574AE}.Debug|x86.ActiveCfg = Debug|Any CPU
		{FFA6D28D-BF64-4468-AFE9-69AF976574AE}.Debug|x86.Build.0 = Debug|Any CPU
		{FFA6D28D-BF64-4468-AFE9-69AF976574AE}.Release|Any CPU.ActiveCfg = Release|Any CPU
		{FFA6D28D-BF64-4468-AFE9-69AF976574AE}.Release|Any CPU.Build.0 = Release|Any CPU
		{FFA6D28D-BF64-4468-AFE9-69AF976574AE}.Release|x64.ActiveCfg = Release|Any CPU
		{FFA6D28D-BF64-4468-AFE9-69AF976574AE}.Release|x64.Build.0 = Release|Any CPU
		{FFA6D28D-BF64-4468-AFE9-69AF976574AE}.Release|x86.ActiveCfg = Release|Any CPU
		{FFA6D28D-BF64-4468-AFE9-69AF976574AE}.Release|x86.Build.0 = Release|Any CPU
		{5DC27856-9B30-4044-8002-53D13F0D088B}.Debug|Any CPU.ActiveCfg = Debug|Any CPU
		{5DC27856-9B30-4044-8002-53D13F0D088B}.Debug|Any CPU.Build.0 = Debug|Any CPU
		{5DC27856-9B30-4044-8002-53D13F0D088B}.Debug|x64.ActiveCfg = Debug|Any CPU
		{5DC27856-9B30-4044-8002-53D13F0D088B}.Debug|x64.Build.0 = Debug|Any CPU
		{5DC27856-9B30-4044-8002-53D13F0D088B}.Debug|x86.ActiveCfg = Debug|Any CPU
		{5DC27856-9B30-4044-8002-53D13F0D088B}.Debug|x86.Build.0 = Debug|Any CPU
		{5DC27856-9B30-4044-8002-53D13F0D088B}.Release|Any CPU.ActiveCfg = Release|Any CPU
		{5DC27856-9B30-4044-8002-53D13F0D088B}.Release|Any CPU.Build.0 = Release|Any CPU
		{5DC27856-9B30-4044-8002-53D13F0D088B}.Release|x64.ActiveCfg = Release|Any CPU
		{5DC27856-9B30-4044-8002-53D13F0D088B}.Release|x64.Build.0 = Release|Any CPU
		{5DC27856-9B30-4044-8002-53D13F0D088B}.Release|x86.ActiveCfg = Release|Any CPU
		{5DC27856-9B30-4044-8002-53D13F0D088B}.Release|x86.Build.0 = Release|Any CPU
		{9C8D9A00-DD76-4050-8D89-2A496B806EFF}.Debug|Any CPU.ActiveCfg = Debug|Any CPU
		{9C8D9A00-DD76-4050-8D89-2A496B806EFF}.Debug|Any CPU.Build.0 = Debug|Any CPU
		{9C8D9A00-DD76-4050-8D89-2A496B806EFF}.Debug|x64.ActiveCfg = Debug|Any CPU
		{9C8D9A00-DD76-4050-8D89-2A496B806EFF}.Debug|x64.Build.0 = Debug|Any CPU
		{9C8D9A00-DD76-4050-8D89-2A496B806EFF}.Debug|x86.ActiveCfg = Debug|Any CPU
		{9C8D9A00-DD76-4050-8D89-2A496B806EFF}.Debug|x86.Build.0 = Debug|Any CPU
		{9C8D9A00-DD76-4050-8D89-2A496B806EFF}.Release|Any CPU.ActiveCfg = Release|Any CPU
		{9C8D9A00-DD76-4050-8D89-2A496B806EFF}.Release|Any CPU.Build.0 = Release|Any CPU
		{9C8D9A00-DD76-4050-8D89-2A496B806EFF}.Release|x64.ActiveCfg = Release|Any CPU
		{9C8D9A00-DD76-4050-8D89-2A496B806EFF}.Release|x64.Build.0 = Release|Any CPU
		{9C8D9A00-DD76-4050-8D89-2A496B806EFF}.Release|x86.ActiveCfg = Release|Any CPU
		{9C8D9A00-DD76-4050-8D89-2A496B806EFF}.Release|x86.Build.0 = Release|Any CPU
		{8786EB0A-81B1-4ED2-A1FA-70CFAEEE7F88}.Debug|Any CPU.ActiveCfg = Debug|Any CPU
		{8786EB0A-81B1-4ED2-A1FA-70CFAEEE7F88}.Debug|Any CPU.Build.0 = Debug|Any CPU
		{8786EB0A-81B1-4ED2-A1FA-70CFAEEE7F88}.Debug|x64.ActiveCfg = Debug|Any CPU
		{8786EB0A-81B1-4ED2-A1FA-70CFAEEE7F88}.Debug|x64.Build.0 = Debug|Any CPU
		{8786EB0A-81B1-4ED2-A1FA-70CFAEEE7F88}.Debug|x86.ActiveCfg = Debug|Any CPU
		{8786EB0A-81B1-4ED2-A1FA-70CFAEEE7F88}.Debug|x86.Build.0 = Debug|Any CPU
		{8786EB0A-81B1-4ED2-A1FA-70CFAEEE7F88}.Release|Any CPU.ActiveCfg = Release|Any CPU
		{8786EB0A-81B1-4ED2-A1FA-70CFAEEE7F88}.Release|Any CPU.Build.0 = Release|Any CPU
		{8786EB0A-81B1-4ED2-A1FA-70CFAEEE7F88}.Release|x64.ActiveCfg = Release|Any CPU
		{8786EB0A-81B1-4ED2-A1FA-70CFAEEE7F88}.Release|x64.Build.0 = Release|Any CPU
		{8786EB0A-81B1-4ED2-A1FA-70CFAEEE7F88}.Release|x86.ActiveCfg = Release|Any CPU
		{8786EB0A-81B1-4ED2-A1FA-70CFAEEE7F88}.Release|x86.Build.0 = Release|Any CPU
	EndGlobalSection
	GlobalSection(SolutionProperties) = preSolution
		HideSolutionNode = FALSE
	EndGlobalSection
	GlobalSection(NestedProjects) = preSolution
		{FFA6D28D-BF64-4468-AFE9-69AF976574AE} = {827E0CD3-B72D-47B6-A68D-7590B98EB39B}
		{5DC27856-9B30-4044-8002-53D13F0D088B} = {827E0CD3-B72D-47B6-A68D-7590B98EB39B}
		{9C8D9A00-DD76-4050-8D89-2A496B806EFF} = {0C88DD14-F956-CE84-757C-A364CCF449FC}
		{8786EB0A-81B1-4ED2-A1FA-70CFAEEE7F88} = {0C88DD14-F956-CE84-757C-A364CCF449FC}
	EndGlobalSection
EndGlobal
